
Microsoft Visual Studio Solution File, Format Version 12.00
# Visual Studio Version 17
VisualStudioVersion = 17.10.35027.167
MinimumVisualStudioVersion = 10.0.40219.1
Project("{9A19103F-16F7-4668-BE54-9A1E7A4F7556}") = "TaskTrackerConsoleApp", "ConsoleApp1\TaskTrackerConsoleApp.csproj", "{683491B2-C293-4BDC-BE75-8EF968CE62FB}"
EndProject
Global
	GlobalSection(SolutionConfigurationPlatforms) = preSolution
		Debug|Any CPU = Debug|Any CPU
		Release|Any CPU = Release|Any CPU
	EndGlobalSection
	GlobalSection(ProjectConfigurationPlatforms) = postSolution
		{683491B2-C293-4BDC-BE75-8EF968CE62FB}.Debug|Any CPU.ActiveCfg = Debug|Any CPU
		{683491B2-C293-4BDC-BE75-8EF968CE62FB}.Debug|Any CPU.Build.0 = Debug|Any CPU
		{683491B2-C293-4BDC-BE75-8EF968CE62FB}.Release|Any CPU.ActiveCfg = Release|Any CPU
		{683491B2-C293-4BDC-BE75-8EF968CE62FB}.Release|Any CPU.Build.0 = Release|Any CPU
	EndGlobalSection
	GlobalSection(SolutionProperties) = preSolution
		HideSolutionNode = FALSE
	EndGlobalSection
	GlobalSection(ExtensibilityGlobals) = postSolution
		SolutionGuid = {EE4F2776-746F-41A0-ABA2-A52940BD0E59}
	EndGlobalSection
EndGlobal
